
Microsoft Visual Studio Solution File, Format Version 12.00
# Visual Studio Version 17
VisualStudioVersion = 17.8.34330.188
MinimumVisualStudioVersion = 10.0.40219.1
Project("{FAE04EC0-301F-11D3-BF4B-00C04F79EFBC}") = "SiteEmpregos", "SiteEmpregos\SiteEmpregos.csproj", "{AA75A8EE-7A29-4FE6-8BBE-914C5F2A5B59}"
EndProject
Global
	GlobalSection(SolutionConfigurationPlatforms) = preSolution
		Debug|Any CPU = Debug|Any CPU
		Release|Any CPU = Release|Any CPU
	EndGlobalSection
	GlobalSection(ProjectConfigurationPlatforms) = postSolution
		{AA75A8EE-7A29-4FE6-8BBE-914C5F2A5B59}.Debug|Any CPU.ActiveCfg = Debug|Any CPU
		{AA75A8EE-7A29-4FE6-8BBE-914C5F2A5B59}.Debug|Any CPU.Build.0 = Debug|Any CPU
		{AA75A8EE-7A29-4FE6-8BBE-914C5F2A5B59}.Release|Any CPU.ActiveCfg = Release|Any CPU
		{AA75A8EE-7A29-4FE6-8BBE-914C5F2A5B59}.Release|Any CPU.Build.0 = Release|Any CPU
	EndGlobalSection
	GlobalSection(SolutionProperties) = preSolution
		HideSolutionNode = FALSE
	EndGlobalSection
	GlobalSection(ExtensibilityGlobals) = postSolution
		SolutionGuid = {143B48B5-DBC3-4367-8E4C-4484FED84283}
	EndGlobalSection
EndGlobal
